PODS:
  - ModuloSuporte (0.1.0):
    - SnapKit
  - SnapKit (4.2.0)

DEPENDENCIES:
  - ModuloSuporte (from `../`)

SPEC REPOS:
  trunk:
    - SnapKit

EXTERNAL SOURCES:
  ModuloSuporte:
    :path: "../"

SPEC CHECKSUMS:
  ModuloSuporte: 78948664f52d919f2f162224059ca61b2f46fa78
  SnapKit: fe8a619752f3f27075cc9a90244d75c6c3f27e2a

PODFILE CHECKSUM: 994f81d3c73eee0b1176bf841f627ce0cc1e9b19

COCOAPODS: 1.10.1
